
Microsoft Visual Studio Solution File, Format Version 12.00
# Visual Studio 15
VisualStudioVersion = 15.0.28307.329
MinimumVisualStudioVersion = 10.0.40219.1
Project("{FAE04EC0-301F-11D3-BF4B-00C04F79EFBC}") = "Okno", "Okno\Okno.csproj", "{2F701604-D559-4524-93D3-8DA3CE44A0D3}"
EndProject
Global
	GlobalSection(SolutionConfigurationPlatforms) = preSolution
		Debug|Any CPU = Debug|Any CPU
		Release|Any CPU = Release|Any CPU
	EndGlobalSection
	GlobalSection(ProjectConfigurationPlatforms) = postSolution
		{2F701604-D559-4524-93D3-8DA3CE44A0D3}.Debug|Any CPU.ActiveCfg = Debug|Any CPU
		{2F701604-D559-4524-93D3-8DA3CE44A0D3}.Debug|Any CPU.Build.0 = Debug|Any CPU
		{2F701604-D559-4524-93D3-8DA3CE44A0D3}.Release|Any CPU.ActiveCfg = Release|Any CPU
		{2F701604-D559-4524-93D3-8DA3CE44A0D3}.Release|Any CPU.Build.0 = Release|Any CPU
	EndGlobalSection
	GlobalSection(SolutionProperties) = preSolution
		HideSolutionNode = FALSE
	EndGlobalSection
	GlobalSection(ExtensibilityGlobals) = postSolution
		SolutionGuid = {18D3AF30-829E-4242-B0A9-CF5C1B8D7F5E}
	EndGlobalSection
EndGlobal
